<?xml version="1.0" encoding="utf-8"?>
<Project ToolsVersion="4.0" xmlns="http://schemas.microsoft.com/developer/msbuild/2003">
  <ItemGroup>
    <Filter Include="Source Files">
      <UniqueIdentifier>{4FC737F1-C7A5-4376-A066-2A32D752A2FF}</UniqueIdentifier>
      <Extensions>cpp;c;cc;cxx;c++;cppm;ixx;def;odl;idl;hpj;bat;asm;asmx</Extensions>
    </Filter>
    <Filter Include="Header Files">
      <UniqueIdentifier>{93995380-89BD-4b04-88EB-625FBE52EBFB}</UniqueIdentifier>
      <Extensions>h;hh;hpp;hxx;h++;hm;inl;inc;ipp;xsd</Extensions>
    </Filter>
    <Filter Include="Resource Files">
      <UniqueIdentifier>{67DA6AB6-F800-4c08-8B7A-83BB121AAD01}</UniqueIdentifier>
      <Extensions>rc;ico;cur;bmp;dlg;rc2;rct;bin;rgs;gif;jpg;jpeg;jpe;resx;tiff;tif;png;wav;mfcribbon-ms</Extensions>
    </Filter>
  </ItemGroup>
  <ItemGroup>
    <ClInclude Include="ChattingApp.h">
      <Filter>Header Files</Filter>
    </ClInclude>
    <ClInclude Include="ChattingAppDlg.h">
      <Filter>Header Files</Filter>
    </ClInclude>
    <ClInclude Include="framework.h">
      <Filter>Header Files</Filter>
    </ClInclude>
    <ClInclude Include="targetver.h">
      <Filter>Header Files</Filter>
    </ClInclude>
    <ClInclude Include="Resource.h">
      <Filter>Header Files</Filter>
    </ClInclude>
    <ClInclude Include="pch.h">
      <Filter>Header Files</Filter>
    </ClInclude>
    <ClInclude Include="DialogSpy.h">
      <Filter>Header Files</Filter>
    </ClInclude>
    <ClInclude Include="SpiedDialog.h">
      <Filter>Header Files</Filter>
    </ClInclude>
    <ClInclude Include="Configuration.h">
      <Filter>Header Files</Filter>
    </ClInclude>
    <ClInclude Include="SocketConnector.h">
      <Filter>Header Files</Filter>
    </ClInclude>
    <ClInclude Include="NonCopyableMovable.h">
      <Filter>Header Files</Filter>
    </ClInclude>
    <ClInclude Include="ChatDataAggregator.h">
      <Filter>Header Files</Filter>
    </ClInclude>
    <ClInclude Include="ILiveDataListener.h">
      <Filter>Header Files</Filter>
    </ClInclude>
    <ClInclude Include="ISocketDataListener.h">
      <Filter>Header Files</Filter>
    </ClInclude>
    <ClInclude Include="SocketDataParser.h">
      <Filter>Header Files</Filter>
    </ClInclude>
    <ClInclude Include="BaseChatCommand.h">
      <Filter>Header Files</Filter>
    </ClInclude>
    <ClInclude Include="MesssageDialog.h">
      <Filter>Header Files</Filter>
    </ClInclude>
    <ClInclude Include="ParseUtil.h">
      <Filter>Header Files</Filter>
    </ClInclude>
    <ClInclude Include="ISendOutDataListener.h">
      <Filter>Header Files</Filter>
    </ClInclude>
    <ClInclude Include="IUserDetailUpdatesListener.h">
      <Filter>Header Files</Filter>
    </ClInclude>
    <ClInclude Include="ChatUserDetailsDialog.h">
      <Filter>Header Files</Filter>
    </ClInclude>
    <ClInclude Include="ChatSessionManager.h">
      <Filter>Header Files</Filter>
    </ClInclude>
    <ClInclude Include="SocketUtil.h">
      <Filter>Header Files</Filter>
    </ClInclude>
    <ClInclude Include="MessageBatchCommand.h">
      <Filter>Header Files</Filter>
    </ClInclude>
    <ClInclude Include="IntroductionCommand.h">
      <Filter>Header Files</Filter>
    </ClInclude>
    <ClInclude Include="MessageCommand.h">
      <Filter>Header Files</Filter>
    </ClInclude>
    <ClInclude Include="InternalUtilTypes.h">
      <Filter>Header Files</Filter>
    </ClInclude>
    <ClInclude Include="ChatMessagingMaster.h">
      <Filter>Header Files</Filter>
    </ClInclude>
  </ItemGroup>
  <ItemGroup>
    <ClCompile Include="ChattingApp.cpp">
      <Filter>Source Files</Filter>
    </ClCompile>
    <ClCompile Include="ChattingAppDlg.cpp">
      <Filter>Source Files</Filter>
    </ClCompile>
    <ClCompile Include="pch.cpp">
      <Filter>Source Files</Filter>
    </ClCompile>
    <ClCompile Include="DialogSpy.cpp">
      <Filter>Source Files</Filter>
    </ClCompile>
    <ClCompile Include="SpiedDialog.cpp">
      <Filter>Source Files</Filter>
    </ClCompile>
    <ClCompile Include="SocketConnector.cpp">
      <Filter>Source Files</Filter>
    </ClCompile>
    <ClCompile Include="SocketDataParser.cpp">
      <Filter>Source Files</Filter>
    </ClCompile>
    <ClCompile Include="MessageBatchCommand.cpp">
      <Filter>Source Files</Filter>
    </ClCompile>
    <ClCompile Include="ChatDataAgrregator.cpp">
      <Filter>Source Files</Filter>
    </ClCompile>
    <ClCompile Include="MesssageDialog.cpp">
      <Filter>Source Files</Filter>
    </ClCompile>
    <ClCompile Include="ParseUtil.cpp">
      <Filter>Source Files</Filter>
    </ClCompile>
    <ClCompile Include="ChatUserDetailsDialog.cpp">
      <Filter>Source Files</Filter>
    </ClCompile>
    <ClCompile Include="ChatSessionManager.cpp">
      <Filter>Source Files</Filter>
    </ClCompile>
    <ClCompile Include="SocketUtil.cpp">
      <Filter>Source Files</Filter>
    </ClCompile>
    <ClCompile Include="ChatMessageBatch.cpp">
      <Filter>Source Files</Filter>
    </ClCompile>
    <ClCompile Include="IntroductionCommand.cpp">
      <Filter>Source Files</Filter>
    </ClCompile>
    <ClCompile Include="MessageCommand.cpp">
      <Filter>Source Files</Filter>
    </ClCompile>
    <ClCompile Include="BaseChatCommand.cpp">
      <Filter>Source Files</Filter>
    </ClCompile>
    <ClCompile Include="ChatMessagingMaster.cpp">
      <Filter>Source Files</Filter>
    </ClCompile>
  </ItemGroup>
  <ItemGroup>
    <ResourceCompile Include="ChattingApp.rc">
      <Filter>Resource Files</Filter>
    </ResourceCompile>
  </ItemGroup>
  <ItemGroup>
    <None Include="res\ChattingApp.rc2">
      <Filter>Resource Files</Filter>
    </None>
  </ItemGroup>
  <ItemGroup>
    <Image Include="res\ChattingApp.ico">
      <Filter>Resource Files</Filter>
    </Image>
  </ItemGroup>
</Project>